# THIS IS AN AUTOGENERATED FILE. DO NOT EDIT THIS FILE DIRECTLY.
# yarn lockfile v1


swiper@^11.0.4:
  version "11.0.4"
  resolved "https://registry.yarnpkg.com/swiper/-/swiper-11.0.4.tgz#58253ef9a7a4ef5e37d5a0613783f5a3debc48da"
  integrity sha512-qtUxILrD4aD++rpKzGrkz3IAWL92f9uTrDwjb6HaNLmPvJhZCE/83DL+9w4kIgDDJeF6QKalV47rMBN77UOVYQ==
